{
	"name": "@net-ecs/core",
	"version": "0.0.0",
	"lockfileVersion": 1,
	"requires": true,
	"dependencies": {
		"@msgpack/msgpack": {
			"version": "1.12.0",
			"resolved": "https://registry.npmjs.org/@msgpack/msgpack/-/msgpack-1.12.0.tgz",
			"integrity": "sha512-7X4+Mt/TAmxhIR+Hryz0ykxnE9YC3sRH+HhcJ//1l7Z0aJD6YFCkD8UpFzXgpWBlAmybG4cnNVdd2GO6Gh8Pbg=="
		}
	}
}
