{
	"name": "@net-ecs/example-server",
	"version": "1.0.0",
	"lockfileVersion": 1,
	"requires": true,
	"dependencies": {
		"@types/node": {
			"version": "13.9.8",
			"resolved": "https://registry.npmjs.org/@types/node/-/node-13.9.8.tgz",
			"integrity": "sha512-1WgO8hsyHynlx7nhP1kr0OFzsgKz5XDQL+Lfc3b1Q3qIln/n8cKD4m09NJ0+P1Rq7Zgnc7N0+SsMnoD1rEb0kA==",
			"dev": true
		},
		"@types/victor": {
			"version": "1.1.0",
			"resolved": "https://registry.npmjs.org/@types/victor/-/victor-1.1.0.tgz",
			"integrity": "sha512-37o+SnbGRoWqb2+6GQ3NoFX8Ff5zCvm0XsXFulNvO89t2zKluqb4twVORheAnmQ+iEd0rKzAcBGC2//3XBoU1A=="
		},
		"dotenv": {
			"version": "8.2.0",
			"resolved": "https://registry.npmjs.org/dotenv/-/dotenv-8.2.0.tgz",
			"integrity": "sha512-8sJ78ElpbDJBHNeBzUbUVLsqKdccaa/BXF1uPTw3GrvQTBgrQrtObr2mUrE38vzYd8cEv+m/JBfDLioYcfXoaw=="
		},
		"victor": {
			"version": "1.1.0",
			"resolved": "https://registry.npmjs.org/victor/-/victor-1.1.0.tgz",
			"integrity": "sha1-3jzHexVYmxsMeyLD2tKXA0qwAro="
		}
	}
}
