{
	"name": "@net-ecs/net",
	"version": "0.1.0",
	"lockfileVersion": 1,
	"requires": true,
	"dependencies": {
		"@msgpack/msgpack": {
			"version": "1.12.1",
			"resolved": "https://registry.npmjs.org/@msgpack/msgpack/-/msgpack-1.12.1.tgz",
			"integrity": "sha512-nGwwmkdm3tuLdEkWMIwLBgFBfMFILILxcZIQY0dfqsdboN2iZdKfOYKUOKoa0wXw1FL1PL3yEYGPCXhwodQDTA=="
		}
	}
}
